version: 7
platforms:
- name: linux-64
  virtual-packages:
  - __unix=0=0
  - __linux=4.18
  - __glibc=2.28
  - __archspec=0=x86_64
environments:
  default:
    channels:
    - url: https://conda.anaconda.org/conda-forge/
    indexes:
    - https://pypi.org/simple
    packages:
      linux-64:
      - conda: https://conda.anaconda.org/conda-forge/linux-64/_openmp_mutex-4.5-20_gnu.conda
      - conda: https://conda.anaconda.org/conda-forge/linux-64/bzip2-1.0.8-hda65f42_9.conda
      - conda: https://conda.anaconda.org/conda-forge/linux-64/icu-78.3-h54a6638_2.conda
      - conda: https://conda.anaconda.org/conda-forge/linux-64/ld_impl_linux-64-2.46.1-default_hbd61a6d_102.conda
      - conda: https://conda.anaconda.org/conda-forge/linux-64/libblas-3.11.0-8_h4a7cf45_openblas.conda
      - conda: https://conda.anaconda.org/conda-forge/linux-64/libcblas-3.11.0-8_h0358290_openblas.conda
      - conda: https://conda.anaconda.org/conda-forge/linux-64/libexpat-2.8.1-hecca717_1.conda
      - conda: https://conda.anaconda.org/conda-forge/linux-64/libffi-3.5.2-h3435931_0.conda
      - conda: https://conda.anaconda.org/conda-forge/linux-64/libgcc-15.2.0-he0feb66_20.conda
      - conda: https://conda.anaconda.org/conda-forge/linux-64/libgfortran-15.2.0-h69a702a_20.conda
      - conda: https://conda.anaconda.org/conda-forge/linux-64/libgfortran5-15.2.0-h68bc16d_20.conda
      - conda: https://conda.anaconda.org/conda-forge/linux-64/libgomp-15.2.0-he0feb66_20.conda
      - conda: https://conda.anaconda.org/conda-forge/linux-64/liblapack-3.11.0-8_h47877c9_openblas.conda
      - conda: https://conda.anaconda.org/conda-forge/linux-64/liblzma-5.8.3-hb03c661_0.conda
      - conda: https://conda.anaconda.org/conda-forge/linux-64/libmpdec-4.0.0-hb03c661_1.conda
      - conda: https://conda.anaconda.org/conda-forge/linux-64/libopenblas-0.3.33-pthreads_h94d23a6_0.conda
      - conda: https://conda.anaconda.org/conda-forge/linux-64/libsqlite-3.53.4-hf4e2dac_0.conda
      - conda: https://conda.anaconda.org/conda-forge/linux-64/libstdcxx-15.2.0-h934c35e_20.conda
      - conda: https://conda.anaconda.org/conda-forge/linux-64/libuuid-2.42.2-h5347b49_0.conda
      - conda: https://conda.anaconda.org/conda-forge/linux-64/libzlib-1.3.2-h25fd6f3_2.conda
      - conda: https://conda.anaconda.org/conda-forge/linux-64/ncurses-6.6-hdb14827_0.conda
      - conda: https://conda.anaconda.org/conda-forge/linux-64/numpy-2.5.1-py314h2b28147_0.conda
      - conda: https://conda.anaconda.org/conda-forge/linux-64/openssl-3.6.3-h35e630c_0.conda
      - conda: https://conda.anaconda.org/conda-forge/linux-64/python-3.14.6-habeac84_101_cp314.conda
      - conda: https://conda.anaconda.org/conda-forge/linux-64/readline-8.3-h853b02a_0.conda
      - conda: https://conda.anaconda.org/conda-forge/linux-64/scipy-1.18.0-py314hf07bd8e_0.conda
      - conda: https://conda.anaconda.org/conda-forge/linux-64/tk-8.6.13-noxft_hd70dff1_3.conda
      - conda: https://conda.anaconda.org/conda-forge/linux-64/zstd-1.5.7-hb78ec9c_6.conda
      - conda: https://conda.anaconda.org/conda-forge/noarch/ca-certificates-2026.7.22-hbd8a1cb_0.conda
      - conda: https://conda.anaconda.org/conda-forge/noarch/python_abi-3.14-8_cp314.conda
      - conda: https://conda.anaconda.org/conda-forge/noarch/tzdata-2026c-h151e31d_0.conda
      - pypi: ./
  dev:
    channels:
    - url: https://conda.anaconda.org/conda-forge/
    indexes:
    - https://pypi.org/simple
    packages:
      linux-64:
      - conda: https://conda.anaconda.org/conda-forge/linux-64/_openmp_mutex-4.5-20_gnu.conda
      - conda: https://conda.anaconda.org/conda-forge/linux-64/bzip2-1.0.8-hda65f42_9.conda
      - conda: https://conda.anaconda.org/conda-forge/linux-64/icu-78.3-h54a6638_2.conda
      - conda: https://conda.anaconda.org/conda-forge/linux-64/ld_impl_linux-64-2.46.1-default_hbd61a6d_102.conda
      - conda: https://conda.anaconda.org/conda-forge/linux-64/libblas-3.11.0-8_h4a7cf45_openblas.conda
      - conda: https://conda.anaconda.org/conda-forge/linux-64/libcblas-3.11.0-8_h0358290_openblas.conda
      - conda: https://conda.anaconda.org/conda-forge/linux-64/libexpat-2.8.1-hecca717_1.conda
      - conda: https://conda.anaconda.org/conda-forge/linux-64/libffi-3.5.2-h3435931_0.conda
      - conda: https://conda.anaconda.org/conda-forge/linux-64/libgcc-15.2.0-he0feb66_20.conda
      - conda: https://conda.anaconda.org/conda-forge/linux-64/libgfortran-15.2.0-h69a702a_20.conda
      - conda: https://conda.anaconda.org/conda-forge/linux-64/libgfortran5-15.2.0-h68bc16d_20.conda
      - conda: https://conda.anaconda.org/conda-forge/linux-64/libgomp-15.2.0-he0feb66_20.conda
      - conda: https://conda.anaconda.org/conda-forge/linux-64/liblapack-3.11.0-8_h47877c9_openblas.conda
      - conda: https://conda.anaconda.org/conda-forge/linux-64/liblzma-5.8.3-hb03c661_0.conda
      - conda: https://conda.anaconda.org/conda-forge/linux-64/libmpdec-4.0.0-hb03c661_1.conda
      - conda: https://conda.anaconda.org/conda-forge/linux-64/libopenblas-0.3.33-pthreads_h94d23a6_0.conda
      - conda: https://conda.anaconda.org/conda-forge/linux-64/libsqlite-3.53.4-hf4e2dac_0.conda
      - conda: https://conda.anaconda.org/conda-forge/linux-64/libstdcxx-15.2.0-h934c35e_20.conda
      - conda: https://conda.anaconda.org/conda-forge/linux-64/libuuid-2.42.2-h5347b49_0.conda
      - conda: https://conda.anaconda.org/conda-forge/linux-64/libzlib-1.3.2-h25fd6f3_2.conda
      - conda: https://conda.anaconda.org/conda-forge/linux-64/ncurses-6.6-hdb14827_0.conda
      - conda: https://conda.anaconda.org/conda-forge/linux-64/numpy-2.5.1-py314hd4f4903_0.conda
      - conda: https://conda.anaconda.org/conda-forge/linux-64/openssl-3.6.3-h35e630c_0.conda
      - conda: https://conda.anaconda.org/conda-forge/linux-64/psutil-7.2.2-py314h3f2afee_0.conda
      - conda: https://conda.anaconda.org/conda-forge/linux-64/python-3.14.6-hf9ea5aa_1_cp314t.conda
      - conda: https://conda.anaconda.org/conda-forge/linux-64/readline-8.3-h853b02a_0.conda
      - conda: https://conda.anaconda.org/conda-forge/linux-64/scipy-1.18.0-py314h529d2a9_0.conda
      - conda: https://conda.anaconda.org/conda-forge/linux-64/tk-8.6.13-noxft_hd70dff1_3.conda
      - conda: https://conda.anaconda.org/conda-forge/linux-64/zstd-1.5.7-hb78ec9c_6.conda
      - conda: https://conda.anaconda.org/conda-forge/noarch/asttokens-3.0.2-pyhd8ed1ab_0.conda
      - conda: https://conda.anaconda.org/conda-forge/noarch/ca-certificates-2026.7.22-hbd8a1cb_0.conda
      - conda: https://conda.anaconda.org/conda-forge/noarch/decorator-5.3.1-pyhd8ed1ab_0.conda
      - conda: https://conda.anaconda.org/conda-forge/noarch/executing-2.2.1-pyhd8ed1ab_0.conda
      - conda: https://conda.anaconda.org/conda-forge/noarch/ipdb-0.13.13-pyhd8ed1ab_1.conda
      - conda: https://conda.anaconda.org/conda-forge/noarch/ipython-9.15.0-pyh53cf698_0.conda
      - conda: https://conda.anaconda.org/conda-forge/noarch/ipython_pygments_lexers-1.1.1-pyhd8ed1ab_0.conda
      - conda: https://conda.anaconda.org/conda-forge/noarch/jedi-0.20.0-pyhcf101f3_0.conda
      - conda: https://conda.anaconda.org/conda-forge/noarch/matplotlib-inline-0.2.2-pyhd8ed1ab_0.conda
      - conda: https://conda.anaconda.org/conda-forge/noarch/parso-0.8.7-pyhcf101f3_0.conda
      - conda: https://conda.anaconda.org/conda-forge/noarch/pexpect-4.9.0-pyhd8ed1ab_1.conda
      - conda: https://conda.anaconda.org/conda-forge/noarch/prompt-toolkit-3.0.53-pyha770c72_0.conda
      - conda: https://conda.anaconda.org/conda-forge/noarch/ptyprocess-0.7.0-pyhd8ed1ab_1.conda
      - conda: https://conda.anaconda.org/conda-forge/noarch/pure_eval-0.2.3-pyhd8ed1ab_1.conda
      - conda: https://conda.anaconda.org/conda-forge/noarch/pygments-2.20.0-pyhd8ed1ab_0.conda
      - conda: https://conda.anaconda.org/conda-forge/noarch/python_abi-3.14-8_cp314t.conda
      - conda: https://conda.anaconda.org/conda-forge/noarch/stack_data-0.6.3-pyhd8ed1ab_1.conda
      - conda: https://conda.anaconda.org/conda-forge/noarch/toml-0.10.2-pyhcf101f3_3.conda
      - conda: https://conda.anaconda.org/conda-forge/noarch/traitlets-5.15.1-pyhcf101f3_0.conda
      - conda: https://conda.anaconda.org/conda-forge/noarch/typing_extensions-4.16.0-pyhcf101f3_0.conda
      - conda: https://conda.anaconda.org/conda-forge/noarch/tzdata-2026c-h151e31d_0.conda
      - conda: https://conda.anaconda.org/conda-forge/noarch/wcwidth-0.8.2-pyhd8ed1ab_0.conda
      - pypi: ./
  test:
    channels:
    - url: https://conda.anaconda.org/conda-forge/
    indexes:
    - https://pypi.org/simple
    packages:
      linux-64:
      - conda: https://conda.anaconda.org/conda-forge/linux-64/_openmp_mutex-4.5-20_gnu.conda
      - conda: https://conda.anaconda.org/conda-forge/linux-64/bzip2-1.0.8-hda65f42_9.conda
      - conda: https://conda.anaconda.org/conda-forge/linux-64/icu-78.3-h54a6638_2.conda
      - conda: https://conda.anaconda.org/conda-forge/linux-64/ld_impl_linux-64-2.46.1-default_hbd61a6d_102.conda
      - conda: https://conda.anaconda.org/conda-forge/linux-64/libblas-3.11.0-8_h4a7cf45_openblas.conda
      - conda: https://conda.anaconda.org/conda-forge/linux-64/libcblas-3.11.0-8_h0358290_openblas.conda
      - conda: https://conda.anaconda.org/conda-forge/linux-64/libexpat-2.8.1-hecca717_1.conda
      - conda: https://conda.anaconda.org/conda-forge/linux-64/libffi-3.5.2-h3435931_0.conda
      - conda: https://conda.anaconda.org/conda-forge/linux-64/libgcc-15.2.0-he0feb66_20.conda
      - conda: https://conda.anaconda.org/conda-forge/linux-64/libgfortran-15.2.0-h69a702a_20.conda
      - conda: https://conda.anaconda.org/conda-forge/linux-64/libgfortran5-15.2.0-h68bc16d_20.conda
      - conda: https://conda.anaconda.org/conda-forge/linux-64/libgomp-15.2.0-he0feb66_20.conda
      - conda: https://conda.anaconda.org/conda-forge/linux-64/liblapack-3.11.0-8_h47877c9_openblas.conda
      - conda: https://conda.anaconda.org/conda-forge/linux-64/liblzma-5.8.3-hb03c661_0.conda
      - conda: https://conda.anaconda.org/conda-forge/linux-64/libmpdec-4.0.0-hb03c661_1.conda
      - conda: https://conda.anaconda.org/conda-forge/linux-64/libopenblas-0.3.33-pthreads_h94d23a6_0.conda
      - conda: https://conda.anaconda.org/conda-forge/linux-64/libsqlite-3.53.4-hf4e2dac_0.conda
      - conda: https://conda.anaconda.org/conda-forge/linux-64/libstdcxx-15.2.0-h934c35e_20.conda
      - conda: https://conda.anaconda.org/conda-forge/linux-64/libuuid-2.42.2-h5347b49_0.conda
      - conda: https://conda.anaconda.org/conda-forge/linux-64/libzlib-1.3.2-h25fd6f3_2.conda
      - conda: https://conda.anaconda.org/conda-forge/linux-64/ncurses-6.6-hdb14827_0.conda
      - conda: https://conda.anaconda.org/conda-forge/linux-64/numpy-2.5.1-py314hd4f4903_0.conda
      - conda: https://conda.anaconda.org/conda-forge/linux-64/openssl-3.6.3-h35e630c_0.conda
      - conda: https://conda.anaconda.org/conda-forge/linux-64/psutil-7.2.2-py314h3f2afee_0.conda
      - conda: https://conda.anaconda.org/conda-forge/linux-64/python-3.14.6-hf9ea5aa_1_cp314t.conda
      - conda: https://conda.anaconda.org/conda-forge/linux-64/readline-8.3-h853b02a_0.conda
      - conda: https://conda.anaconda.org/conda-forge/linux-64/scipy-1.18.0-py314h529d2a9_0.conda
      - conda: https://conda.anaconda.org/conda-forge/linux-64/tk-8.6.13-noxft_hd70dff1_3.conda
      - conda: https://conda.anaconda.org/conda-forge/linux-64/zstd-1.5.7-hb78ec9c_6.conda
      - conda: https://conda.anaconda.org/conda-forge/noarch/asttokens-3.0.2-pyhd8ed1ab_0.conda
      - conda: https://conda.anaconda.org/conda-forge/noarch/ca-certificates-2026.7.22-hbd8a1cb_0.conda
      - conda: https://conda.anaconda.org/conda-forge/noarch/colorama-0.4.6-pyhd8ed1ab_1.conda
      - conda: https://conda.anaconda.org/conda-forge/noarch/coverage-7.15.2-pyh7db6752_0.conda
      - conda: https://conda.anaconda.org/conda-forge/noarch/decorator-5.3.1-pyhd8ed1ab_0.conda
      - conda: https://conda.anaconda.org/conda-forge/noarch/exceptiongroup-1.3.1-pyhd8ed1ab_0.conda
      - conda: https://conda.anaconda.org/conda-forge/noarch/executing-2.2.1-pyhd8ed1ab_0.conda
      - conda: https://conda.anaconda.org/conda-forge/noarch/iniconfig-2.3.0-pyhd8ed1ab_0.conda
      - conda: https://conda.anaconda.org/conda-forge/noarch/ipdb-0.13.13-pyhd8ed1ab_1.conda
      - conda: https://conda.anaconda.org/conda-forge/noarch/ipython-9.15.0-pyh53cf698_0.conda
      - conda: https://conda.anaconda.org/conda-forge/noarch/ipython_pygments_lexers-1.1.1-pyhd8ed1ab_0.conda
      - conda: https://conda.anaconda.org/conda-forge/noarch/jedi-0.20.0-pyhcf101f3_0.conda
      - conda: https://conda.anaconda.org/conda-forge/noarch/matplotlib-inline-0.2.2-pyhd8ed1ab_0.conda
      - conda: https://conda.anaconda.org/conda-forge/noarch/mock-5.2.0-pyhd8ed1ab_0.conda
      - conda: https://conda.anaconda.org/conda-forge/noarch/packaging-26.2-pyhc364b38_0.conda
      - conda: https://conda.anaconda.org/conda-forge/noarch/parso-0.8.7-pyhcf101f3_0.conda
      - conda: https://conda.anaconda.org/conda-forge/noarch/pexpect-4.9.0-pyhd8ed1ab_1.conda
      - conda: https://conda.anaconda.org/conda-forge/noarch/pluggy-1.6.0-pyhf9edf01_1.conda
      - conda: https://conda.anaconda.org/conda-forge/noarch/prompt-toolkit-3.0.53-pyha770c72_0.conda
      - conda: https://conda.anaconda.org/conda-forge/noarch/ptyprocess-0.7.0-pyhd8ed1ab_1.conda
      - conda: https://conda.anaconda.org/conda-forge/noarch/pure_eval-0.2.3-pyhd8ed1ab_1.conda
      - conda: https://conda.anaconda.org/conda-forge/noarch/pygments-2.20.0-pyhd8ed1ab_0.conda
      - conda: https://conda.anaconda.org/conda-forge/noarch/pytest-9.1.1-pyhc364b38_2.conda
      - conda: https://conda.anaconda.org/conda-forge/noarch/pytest-cov-7.1.0-pyhcf101f3_0.conda
      - conda: https://conda.anaconda.org/conda-forge/noarch/python_abi-3.14-8_cp314t.conda
      - conda: https://conda.anaconda.org/conda-forge/noarch/stack_data-0.6.3-pyhd8ed1ab_1.conda
      - conda: https://conda.anaconda.org/conda-forge/noarch/testfixtures-12.0.1-pyhd8ed1ab_0.conda
      - conda: https://conda.anaconda.org/conda-forge/noarch/toml-0.10.2-pyhcf101f3_3.conda
      - conda: https://conda.anaconda.org/conda-forge/noarch/tomli-2.4.1-pyhcf101f3_0.conda
      - conda: https://conda.anaconda.org/conda-forge/noarch/traitlets-5.15.1-pyhcf101f3_0.conda
      - conda: https://conda.anaconda.org/conda-forge/noarch/typing_extensions-4.16.0-pyhcf101f3_0.conda
      - conda: https://conda.anaconda.org/conda-forge/noarch/tzdata-2026c-h151e31d_0.conda
      - conda: https://conda.anaconda.org/conda-forge/noarch/wcwidth-0.8.2-pyhd8ed1ab_0.conda
      - pypi: ./
packages:
- conda: https://conda.anaconda.org/conda-forge/linux-64/_openmp_mutex-4.5-20_gnu.conda
  build_number: 20
  sha256: 1dd3fffd892081df9726d7eb7e0dea6198962ba775bd88842135a4ddb4deb3c9
  md5: a9f577daf3de00bca7c3c76c0ecbd1de
  depends:
  - __glibc >=2.17,<3.0.a0
  - libgomp >=7.5.0
  constrains:
  - openmp_impl <0.0a0
  license: BSD-3-Clause
  license_family: BSD
  purls: []
  run_exports:
    strong:
    - _openmp_mutex >=4.5
  size: 28948
  timestamp: 1770939786096
- conda: https://conda.anaconda.org/conda-forge/linux-64/bzip2-1.0.8-hda65f42_9.conda
  sha256: 0b75d45f0bba3e95dc693336fa51f40ea28c980131fec438afb7ce6118ed05f6
  md5: d2ffd7602c02f2b316fd921d39876885
  depends:
  - __glibc >=2.17,<3.0.a0
  - libgcc >=14
  license: bzip2-1.0.6
  license_family: BSD
  purls: []
  run_exports:
    weak:
    - bzip2 >=1.0.8,<2.0a0
  size: 260182
  timestamp: 1771350215188
- conda: https://conda.anaconda.org/conda-forge/linux-64/icu-78.3-h54a6638_2.conda
  sha256: d7c260b7e1cf22ce04d6ba8a86eabf4e6c50bc96a5c27fe2ecb32298af3e88eb
  md5: 4ef4b977bb216a3001a3334696a80850
  depends:
  - libstdcxx >=14
  - libgcc >=14
  - __glibc >=2.17,<3.0.a0
  license: MIT
  license_family: MIT
  purls: []
  run_exports:
    weak:
    - icu >=78.3,<79.0a0
  size: 14455340
  timestamp: 1784916378180
- conda: https://conda.anaconda.org/conda-forge/linux-64/ld_impl_linux-64-2.46.1-default_hbd61a6d_102.conda
  sha256: 27d83f1188cd19bcb7754a078b3fa7f4cfb8527f8eb2fde54dd01fc529d1adec
  md5: 449500f2c089da11c40f5c21312e3e07
  depends:
  - __glibc >=2.17,<3.0.a0
  - zstd >=1.5.7,<1.6.0a0
  constrains:
  - binutils_impl_linux-64 2.46.1
  license: GPL-3.0-only
  license_family: GPL
  purls: []
  run_exports: {}
  size: 745303
  timestamp: 1784214507189
- conda: https://conda.anaconda.org/conda-forge/linux-64/libblas-3.11.0-8_h4a7cf45_openblas.conda
  build_number: 8
  sha256: b2da6bfd72a1c9cb143ccf64bf5b28790cb4eb58bd1cb978f6537b2322f7d48b
  md5: 00fc660ab1b2f5ca07e92b4900d10c79
  depends:
  - libopenblas >=0.3.33,<0.3.34.0a0
  - libopenblas >=0.3.33,<1.0a0
  constrains:
  - blas 2.308   openblas
  - mkl <2027
  - libcblas   3.11.0   8*_openblas
  - liblapack  3.11.0   8*_openblas
  - liblapacke 3.11.0   8*_openblas
  license: BSD-3-Clause
  license_family: BSD
  purls: []
  run_exports:
    weak:
    - libblas >=3.11.0,<4.0a0
  size: 18804
  timestamp: 1779859100675
- conda: https://conda.anaconda.org/conda-forge/linux-64/libcblas-3.11.0-8_h0358290_openblas.conda
  build_number: 8
  sha256: 1a2bc77bb26520255904a3d9b1f40e6bf0bf9d8d3405c7709dd162282820915a
  md5: 33a413f1095f8325e5c30fde3b0d2445
  depends:
  - libblas 3.11.0 8_h4a7cf45_openblas
  constrains:
  - blas 2.308   openblas
  - liblapacke 3.11.0   8*_openblas
  - liblapack  3.11.0   8*_openblas
  license: BSD-3-Clause
  license_family: BSD
  purls: []
  run_exports:
    weak:
    - libcblas >=3.11.0,<4.0a0
  size: 18778
  timestamp: 1779859107964
- conda: https://conda.anaconda.org/conda-forge/linux-64/libexpat-2.8.1-hecca717_1.conda
  sha256: 16feffd9ddbbe5b718515d38ee376c685ba95491cd901244e24671d20b952a77
  md5: b24d3c612f71e7aa74158d92106318b2
  depends:
  - __glibc >=2.17,<3.0.a0
  - libgcc >=14
  constrains:
  - expat 2.8.1.*
  license: MIT
  license_family: MIT
  purls: []
  run_exports: {}
  size: 77856
  timestamp: 1781203599810
- conda: https://conda.anaconda.org/conda-forge/linux-64/libffi-3.5.2-h3435931_0.conda
  sha256: 31f19b6a88ce40ebc0d5a992c131f57d919f73c0b92cd1617a5bec83f6e961e6
  md5: a360c33a5abe61c07959e449fa1453eb
  depends:
  - __glibc >=2.17,<3.0.a0
  - libgcc >=14
  license: MIT
  license_family: MIT
  purls: []
  run_exports:
    weak:
    - libffi >=3.5.2,<3.6.0a0
  size: 58592
  timestamp: 1769456073053
- conda: https://conda.anaconda.org/conda-forge/linux-64/libgcc-15.2.0-he0feb66_20.conda
  sha256: e3b7bb287d1685b15781a6d9e3408d6ddaff23f5a1d0d6c0140619dd3950fe72
  md5: 3533de187cf7283f96bfdb28ad73e2bc
  depends:
  - __glibc >=2.17,<3.0.a0
  - _openmp_mutex >=4.5
  constrains:
  - libgomp 15.2.0 he0feb66_20
  - libgcc-ng ==15.2.0=*_20
  license: GPL-3.0-only WITH GCC-exception-3.1
  license_family: GPL
  purls: []
  run_exports: {}
  size: 1041122
  timestamp: 1784923795784
- conda: https://conda.anaconda.org/conda-forge/linux-64/libgfortran-15.2.0-h69a702a_20.conda
  sha256: 76d81032e264b74f519cc26962d5eb39547e0785fc9d2957bbc12e7a91214412
  md5: a450a08a63f940e9aa7b37692e71196a
  depends:
  - libgfortran5 15.2.0 h68bc16d_20
  constrains:
  - libgfortran-ng ==15.2.0=*_20
  license: GPL-3.0-only WITH GCC-exception-3.1
  license_family: GPL
  purls: []
  run_exports: {}
  size: 28103
  timestamp: 1784923831860
- conda: https://conda.anaconda.org/conda-forge/linux-64/libgfortran5-15.2.0-h68bc16d_20.conda
  sha256: 95122f42566dc9a62b9615d2372b3f3c75fa7bd8bb1eda53aa7532ce60d545eb
  md5: 4edbcbea1a8790a7d58e648523b69546
  depends:
  - __glibc >=2.17,<3.0.a0
  - libgcc >=15.2.0
  constrains:
  - libgfortran 15.2.0
  license: GPL-3.0-only WITH GCC-exception-3.1
  license_family: GPL
  purls: []
  run_exports: {}
  size: 2483727
  timestamp: 1784923810904
- conda: https://conda.anaconda.org/conda-forge/linux-64/libgomp-15.2.0-he0feb66_20.conda
  sha256: 30b8ff1bf43871a17c9de99e56171ef54cfbe690ffa86681628db5a00af97cf7
  md5: 49321086c41bb58fc4b6cd8cbb74679d
  depends:
  - __glibc >=2.17,<3.0.a0
  license: GPL-3.0-only WITH GCC-exception-3.1
  license_family: GPL
  purls: []
  run_exports:
    strong:
    - _openmp_mutex >=4.5
  size: 603998
  timestamp: 1784923730278
- conda: https://conda.anaconda.org/conda-forge/linux-64/liblapack-3.11.0-8_h47877c9_openblas.conda
  build_number: 8
  sha256: 168e327d737059553e15cc6ec36d76b9bbb3931c2a7721555fd68b4c9348b247
  md5: 809be8ba8712c77bc7d44c2d99390dc4
  depends:
  - libblas 3.11.0 8_h4a7cf45_openblas
  constrains:
  - blas 2.308   openblas
  - libcblas   3.11.0   8*_openblas
  - liblapacke 3.11.0   8*_openblas
  license: BSD-3-Clause
  license_family: BSD
  purls: []
  run_exports:
    weak:
    - liblapack >=3.11.0,<3.12.0a0
  size: 18790
  timestamp: 1779859115086
- conda: https://conda.anaconda.org/conda-forge/linux-64/liblzma-5.8.3-hb03c661_0.conda
  sha256: ec30e52a3c1bf7d0425380a189d209a52baa03f22fb66dd3eb587acaa765bd6d
  md5: b88d90cad08e6bc8ad540cb310a761fb
  depends:
  - __glibc >=2.17,<3.0.a0
  - libgcc >=14
  constrains:
  - xz 5.8.3.*
  license: 0BSD
  purls: []
  run_exports:
    weak:
    - liblzma >=5.8.3,<6.0a0
  size: 113478
  timestamp: 1775825492909
- conda: https://conda.anaconda.org/conda-forge/linux-64/libmpdec-4.0.0-hb03c661_1.conda
  sha256: fe171ed5cf5959993d43ff72de7596e8ac2853e9021dec0344e583734f1e0843
  md5: 2c21e66f50753a083cbe6b80f38268fa
  depends:
  - __glibc >=2.17,<3.0.a0
  - libgcc >=14
  license: BSD-2-Clause
  license_family: BSD
  purls: []
  run_exports: {}
  size: 92400
  timestamp: 1769482286018
- conda: https://conda.anaconda.org/conda-forge/linux-64/libopenblas-0.3.33-pthreads_h94d23a6_0.conda
  sha256: 3d9aa85648e5e18a6d66db98b8c4317cc426721ad7a220aa86330d1ccedc8903
  md5: 2d3278b721e40468295ca755c3b84070
  depends:
  - __glibc >=2.17,<3.0.a0
  - libgcc >=14
  - libgfortran
  - libgfortran5 >=14.3.0
  constrains:
  - openblas >=0.3.33,<0.3.34.0a0
  license: BSD-3-Clause
  license_family: BSD
  purls: []
  run_exports:
    weak:
    - libopenblas >=0.3.33,<1.0a0
  size: 5931919
  timestamp: 1776993658641
- conda: https://conda.anaconda.org/conda-forge/linux-64/libsqlite-3.53.4-hf4e2dac_0.conda
  sha256: 72023efc207fe681e26b65fc9d668062cf0b4f0eacf3431e6eb099b95c1f2efd
  md5: df088a279cd5e6fd2790b4c196434da1
  depends:
  - __glibc >=2.17,<3.0.a0
  - icu >=78.3,<79.0a0
  - libgcc >=14
  - libzlib >=1.3.2,<2.0a0
  license: blessing
  purls: []
  run_exports:
    weak:
    - libsqlite >=3.53.4,<4.0a0
  size: 964200
  timestamp: 1785016112246
- conda: https://conda.anaconda.org/conda-forge/linux-64/libstdcxx-15.2.0-h934c35e_20.conda
  sha256: b5eadda8fb0df262f0d424c4a0c8c1c8d65d904ce622f07936c793ea1b8a39d9
  md5: fbd3d5506b11b5cfc916b29263b6b6f7
  depends:
  - __glibc >=2.17,<3.0.a0
  - libgcc 15.2.0 he0feb66_20
  constrains:
  - libstdcxx-ng ==15.2.0=*_20
  license: GPL-3.0-only WITH GCC-exception-3.1
  license_family: GPL
  purls: []
  run_exports: {}
  size: 5857690
  timestamp: 1784923825011
- conda: https://conda.anaconda.org/conda-forge/linux-64/libuuid-2.42.2-h5347b49_0.conda
  sha256: 9b1bdce27a7e31f7d241aeecff67a1f3101d52a2b1e33ccc2cdf2613072bf81f
  md5: 01bb81d12c957de066ea7362007df642
  depends:
  - libgcc >=14
  - __glibc >=2.17,<3.0.a0
  license: BSD-3-Clause
  license_family: BSD
  purls: []
  run_exports:
    weak:
    - libuuid >=2.42.2,<3.0a0
  size: 40017
  timestamp: 1781625522462
- conda: https://conda.anaconda.org/conda-forge/linux-64/libzlib-1.3.2-h25fd6f3_2.conda
  sha256: 55044c403570f0dc26e6364de4dc5368e5f3fc7ff103e867c487e2b5ab2bcda9
  md5: d87ff7921124eccd67248aa483c23fec
  depends:
  - __glibc >=2.17,<3.0.a0
  constrains:
  - zlib 1.3.2 *_2
  license: Zlib
  license_family: Other
  purls: []
  run_exports:
    weak:
    - libzlib >=1.3.2,<2.0a0
  size: 63629
  timestamp: 1774072609062
- conda: https://conda.anaconda.org/conda-forge/linux-64/ncurses-6.6-hdb14827_0.conda
  sha256: fc89f74bbe362fb29fa3c037697a89bec140b346a2469a90f7936d1d7ea4d8a3
  md5: fc21868a1a5aacc937e7a18747acb8a5
  depends:
  - __glibc >=2.17,<3.0.a0
  - libgcc >=14
  license: X11 AND BSD-3-Clause
  purls: []
  run_exports:
    weak:
    - ncurses >=6.6,<7.0a0
  size: 918956
  timestamp: 1777422145199
- conda: https://conda.anaconda.org/conda-forge/linux-64/numpy-2.5.1-py314h2b28147_0.conda
  sha256: fb665b7e30f9472c58098983f614598cfcf34e7a26b6c419648803095c390aa7
  md5: 59044905d27ba41bfb280ed4692c15e2
  depends:
  - python
  - libgcc >=14
  - __glibc >=2.17,<3.0.a0
  - libstdcxx >=14
  - libblas >=3.9.0,<4.0a0
  - liblapack >=3.9.0,<4.0a0
  - python_abi 3.14.* *_cp314
  - libcblas >=3.9.0,<4.0a0
  constrains:
  - numpy-base <0a0
  license: BSD-3-Clause
  license_family: BSD
  purls:
  - pkg:pypi/numpy?source=hash-mapping
  run_exports:
    weak:
    - numpy >=1.25,<3
  size: 9089255
  timestamp: 1783206203765
- conda: https://conda.anaconda.org/conda-forge/linux-64/numpy-2.5.1-py314hd4f4903_0.conda
  sha256: 841c236486608c1cf7a12c64bcac4d39b23f6556b7b8dfe9e4d630e1311824d4
  md5: eaedf8409261de1ef23f5be7801fe7bc
  depends:
  - python
  - libstdcxx >=14
  - libgcc >=14
  - __glibc >=2.17,<3.0.a0
  - python_abi 3.14.* *_cp314t
  - liblapack >=3.9.0,<4.0a0
  - libcblas >=3.9.0,<4.0a0
  - libblas >=3.9.0,<4.0a0
  constrains:
  - numpy-base <0a0
  license: BSD-3-Clause
  license_family: BSD
  purls: []
  run_exports:
    weak:
    - numpy >=1.25,<3
  size: 9137814
  timestamp: 1783206205628
- conda: https://conda.anaconda.org/conda-forge/linux-64/openssl-3.6.3-h35e630c_0.conda
  sha256: d48f5c22b9897c01e4dff3680f1f57ceb02711ab9c62f74339b080419dfad34b
  md5: 79dd2074b5cd5c5c6b2930514a11e22d
  depends:
  - __glibc >=2.17,<3.0.a0
  - ca-certificates
  - libgcc >=14
  license: Apache-2.0
  license_family: Apache
  purls: []
  run_exports:
    weak:
    - openssl >=3.6.3,<4.0a0
  size: 3159683
  timestamp: 1781069855778
- conda: https://conda.anaconda.org/conda-forge/linux-64/psutil-7.2.2-py314h3f2afee_0.conda
  sha256: 60aa6c81bd15c6db888b568f6dda051970e10a414154cc8747a6c1ef0816fd28
  md5: d71965c9f50c361ead9696f14c3af653
  depends:
  - python
  - libgcc >=14
  - __glibc >=2.17,<3.0.a0
  - python_abi 3.14.* *_cp314t
  license: BSD-3-Clause
  license_family: BSD
  purls:
  - pkg:pypi/psutil?source=hash-mapping
  run_exports: {}
  size: 232395
  timestamp: 1769678157420
- conda: https://conda.anaconda.org/conda-forge/linux-64/python-3.14.6-habeac84_101_cp314.conda
  build_number: 101
  sha256: ee8f2006e1724b1f2e9e0ccc5a7cfdcab973460faa2f63ac1f6e44fdad4c0344
  md5: 78975a41cf3c525da654f17e35bfca9e
  depends:
  - __glibc >=2.17,<3.0.a0
  - bzip2 >=1.0.8,<2.0a0
  - ld_impl_linux-64 >=2.36.1
  - libexpat >=2.8.1,<3.0a0
  - libffi >=3.5.2,<3.6.0a0
  - libgcc >=14
  - liblzma >=5.8.3,<6.0a0
  - libmpdec >=4.0.0,<5.0a0
  - libsqlite >=3.53.3,<4.0a0
  - libuuid >=2.42.2,<3.0a0
  - libzlib >=1.3.2,<2.0a0
  - ncurses >=6.6,<7.0a0
  - openssl >=3.5.7,<4.0a0
  - python_abi 3.14.* *_cp314
  - readline >=8.3,<9.0a0
  - tk >=8.6.13,<8.7.0a0
  - tzdata
  - zstd >=1.5.7,<1.6.0a0
  license: Python-2.0
  purls: []
  run_exports:
    weak:
    - python_abi 3.14.* *_cp314
    noarch:
    - python
  size: 36869055
  timestamp: 1784910110714
  python_site_packages_path: lib/python3.14/site-packages
- conda: https://conda.anaconda.org/conda-forge/linux-64/python-3.14.6-hf9ea5aa_1_cp314t.conda
  build_number: 1
  sha256: b7967c8fab11caea7250ea792436d3c49f41058c17c492c5e8100e426856c633
  md5: af2137659733c81765711e72a7aaaed0
  depends:
  - __glibc >=2.17,<3.0.a0
  - bzip2 >=1.0.8,<2.0a0
  - ld_impl_linux-64 >=2.36.1
  - libexpat >=2.8.1,<3.0a0
  - libffi >=3.5.2,<3.6.0a0
  - libgcc >=14
  - liblzma >=5.8.3,<6.0a0
  - libmpdec >=4.0.0,<5.0a0
  - libsqlite >=3.53.3,<4.0a0
  - libuuid >=2.42.2,<3.0a0
  - libzlib >=1.3.2,<2.0a0
  - ncurses >=6.6,<7.0a0
  - openssl >=3.5.7,<4.0a0
  - python_abi 3.14.* *_cp314t
  - readline >=8.3,<9.0a0
  - tk >=8.6.13,<8.7.0a0
  - tzdata
  - zstd >=1.5.7,<1.6.0a0
  track_features:
  - py_freethreading
  license: Python-2.0
  purls: []
  run_exports:
    weak:
    - python_abi 3.14.* *_cp314t
    noarch:
    - python
  size: 47853050
  timestamp: 1784910167279
  python_site_packages_path: lib/python3.14t/site-packages
- conda: https://conda.anaconda.org/conda-forge/linux-64/readline-8.3-h853b02a_0.conda
  sha256: 12ffde5a6f958e285aa22c191ca01bbd3d6e710aa852e00618fa6ddc59149002
  md5: d7d95fc8287ea7bf33e0e7116d2b95ec
  depends:
  - __glibc >=2.17,<3.0.a0
  - libgcc >=14
  - ncurses >=6.5,<7.0a0
  license: GPL-3.0-only
  license_family: GPL
  purls: []
  run_exports:
    weak:
    - readline >=8.3,<9.0a0
  size: 345073
  timestamp: 1765813471974
- conda: https://conda.anaconda.org/conda-forge/linux-64/scipy-1.18.0-py314h529d2a9_0.conda
  sha256: d24b778c9b714882451092ac941616b8da2ee168ae1c863135470181a2e15bb2
  md5: 99bee56848517debb3c46eecc889ff00
  depends:
  - __glibc >=2.17,<3.0.a0
  - libblas >=3.9.0,<4.0a0
  - libcblas >=3.9.0,<4.0a0
  - libgcc >=14
  - libgfortran
  - libgfortran5 >=14.3.0
  - liblapack >=3.9.0,<4.0a0
  - libstdcxx >=14
  - numpy <2.7
  - numpy >=1.23,<3
  - numpy >=2.0.0
  - python >=3.14,<3.15.0a0
  - python_abi 3.14.* *_cp314t
  license: BSD-3-Clause
  license_family: BSD
  purls: []
  run_exports: {}
  size: 17493248
  timestamp: 1781912966973
- conda: https://conda.anaconda.org/conda-forge/linux-64/scipy-1.18.0-py314hf07bd8e_0.conda
  sha256: 85503102237f8515ab92319fc14609e894ac9e95e3a1398b0c49db1f9ee50877
  md5: 62c390c1f8f51240f1ebc7ba782669ad
  depends:
  - __glibc >=2.17,<3.0.a0
  - libblas >=3.9.0,<4.0a0
  - libcblas >=3.9.0,<4.0a0
  - libgcc >=14
  - libgfortran
  - libgfortran5 >=14.3.0
  - liblapack >=3.9.0,<4.0a0
  - libstdcxx >=14
  - numpy <2.7
  - numpy >=1.23,<3
  - numpy >=2.0.0
  - python >=3.14,<3.15.0a0
  - python_abi 3.14.* *_cp314
  license: BSD-3-Clause
  license_family: BSD
  purls:
  - pkg:pypi/scipy?source=hash-mapping
  run_exports: {}
  size: 17260022
  timestamp: 1781912924009
- conda: https://conda.anaconda.org/conda-forge/linux-64/tk-8.6.13-noxft_hd70dff1_3.conda
  build_number: 103
  sha256: 43624eab22f5f29df7d6ffe914cf442f28fd559b55b290906255492826e636e8
  md5: 48a1049e710857572fc2a832aa394d9f
  depends:
  - __glibc >=2.17,<3.0.a0
  - libgcc >=14
  - libzlib >=1.3.2,<2.0a0
  constrains:
  - xorg-libx11 >=1.8.13,<2.0a0
  license: TCL
  purls: []
  run_exports:
    weak:
    - tk >=8.6.13,<8.7.0a0
  size: 3550916
  timestamp: 1784229071544
- conda: https://conda.anaconda.org/conda-forge/linux-64/zstd-1.5.7-hb78ec9c_6.conda
  sha256: 68f0206ca6e98fea941e5717cec780ed2873ffabc0e1ed34428c061e2c6268c7
  md5: 4a13eeac0b5c8e5b8ab496e6c4ddd829
  depends:
  - __glibc >=2.17,<3.0.a0
  - libzlib >=1.3.1,<2.0a0
  license: BSD-3-Clause
  license_family: BSD
  purls: []
  run_exports:
    weak:
    - zstd >=1.5.7,<1.6.0a0
  size: 601375
  timestamp: 1764777111296
- conda: https://conda.anaconda.org/conda-forge/noarch/asttokens-3.0.2-pyhd8ed1ab_0.conda
  sha256: fbbd8ce60cbd5c16f3fe559eb644551f94285caff30985ea961ff851c1cf25ac
  md5: 89d495168582cb00428dad699d149624
  depends:
  - python >=3.10
  constrains:
  - astroid >=2,<5
  license: Apache-2.0
  license_family: Apache
  purls:
  - pkg:pypi/asttokens?source=hash-mapping
  run_exports: {}
  size: 34639
  timestamp: 1783975742052
- conda: https://conda.anaconda.org/conda-forge/noarch/ca-certificates-2026.7.22-hbd8a1cb_0.conda
  sha256: 0a0544cf95f64394fe4959286f5c71f5444ad58feb0602e53becb27448d24da6
  md5: 0f51e2391ade309db462a55611263e9c
  depends:
  - __unix
  license: ISC
  purls: []
  run_exports: {}
  size: 131780
  timestamp: 1784754889428
- conda: https://conda.anaconda.org/conda-forge/noarch/colorama-0.4.6-pyhd8ed1ab_1.conda
  sha256: ab29d57dc70786c1269633ba3dff20288b81664d3ff8d21af995742e2bb03287
  md5: 962b9857ee8e7018c22f2776ffa0b2d7
  depends:
  - python >=3.9
  license: BSD-3-Clause
  license_family: BSD
  purls:
  - pkg:pypi/colorama?source=hash-mapping
  run_exports: {}
  size: 27011
  timestamp: 1733218222191
- conda: https://conda.anaconda.org/conda-forge/noarch/coverage-7.15.2-pyh7db6752_0.conda
  sha256: 1b39990583fb5db7b629774b787c9ce47f799d11735f9c5b1d4c927c1af7e9a6
  md5: 0c610c116df2cc3f363a800967beb8bc
  depends:
  - python >=3.10
  - tomli
  track_features:
  - coverage_no_compile
  license: Apache-2.0
  license_family: APACHE
  purls:
  - pkg:pypi/coverage?source=hash-mapping
  run_exports: {}
  size: 172448
  timestamp: 1784150070544
- conda: https://conda.anaconda.org/conda-forge/noarch/decorator-5.3.1-pyhd8ed1ab_0.conda
  sha256: 430bd9d731b265f0bedb3183ac3ecfaa1656390c092b6e864ff8cc1229843c8c
  md5: 61dcf784d59ef0bd62c57d982b154ace
  depends:
  - python >=3.10
  license: BSD-2-Clause
  license_family: BSD
  purls:
  - pkg:pypi/decorator?source=hash-mapping
  run_exports: {}
  size: 16102
  timestamp: 1779115228886
- conda: https://conda.anaconda.org/conda-forge/noarch/exceptiongroup-1.3.1-pyhd8ed1ab_0.conda
  sha256: ee6cf346d017d954255bbcbdb424cddea4d14e4ed7e9813e429db1d795d01144
  md5: 8e662bd460bda79b1ea39194e3c4c9ab
  depends:
  - python >=3.10
  - typing_extensions >=4.6.0
  license: MIT and PSF-2.0
  purls:
  - pkg:pypi/exceptiongroup?source=hash-mapping
  run_exports: {}
  size: 21333
  timestamp: 1763918099466
- conda: https://conda.anaconda.org/conda-forge/noarch/executing-2.2.1-pyhd8ed1ab_0.conda
  sha256: 210c8165a58fdbf16e626aac93cc4c14dbd551a01d1516be5ecad795d2422cad
  md5: ff9efb7f7469aed3c4a8106ffa29593c
  depends:
  - python >=3.10
  license: MIT
  license_family: MIT
  purls:
  - pkg:pypi/executing?source=hash-mapping
  run_exports: {}
  size: 30753
  timestamp: 1756729456476
- conda: https://conda.anaconda.org/conda-forge/noarch/iniconfig-2.3.0-pyhd8ed1ab_0.conda
  sha256: e1a9e3b1c8fe62dc3932a616c284b5d8cbe3124bbfbedcf4ce5c828cb166ee19
  md5: 9614359868482abba1bd15ce465e3c42
  depends:
  - python >=3.10
  license: MIT
  license_family: MIT
  purls:
  - pkg:pypi/iniconfig?source=hash-mapping
  run_exports: {}
  size: 13387
  timestamp: 1760831448842
- conda: https://conda.anaconda.org/conda-forge/noarch/ipdb-0.13.13-pyhd8ed1ab_1.conda
  sha256: 33275d537122e67df200203d541170db8b55886667d30cc7262cc1e463b04406
  md5: 044c5249ad8ea18a414d07baa1f369ea
  depends:
  - decorator
  - ipython
  - python >=3.9
  - toml >=0.10.2
  license: BSD-3-Clause
  license_family: BSD
  purls:
  - pkg:pypi/ipdb?source=hash-mapping
  run_exports: {}
  size: 18713
  timestamp: 1734884952029
- conda: https://conda.anaconda.org/conda-forge/noarch/ipython-9.15.0-pyh53cf698_0.conda
  sha256: d9fa14ec35119901bf702a9a3e8a5570daef2aada7d03878e4c24d9de912302b
  md5: 2f4ea7f616b30363d8dde5cc15e7af2e
  depends:
  - __unix
  - decorator >=5.1.0
  - ipython_pygments_lexers >=1.0.0
  - jedi >=0.18.2
  - matplotlib-inline >=0.1.6
  - prompt-toolkit >=3.0.41,<3.1.0
  - psutil >=7
  - pygments >=2.14.0
  - python >=3.11
  - stack_data >=0.6.0
  - traitlets >=5.13.0
  - typing_extensions >=4.6
  - pexpect >4.6
  - python
  license: BSD-3-Clause
  license_family: BSD
  purls:
  - pkg:pypi/ipython?source=hash-mapping
  run_exports: {}
  size: 658801
  timestamp: 1782482716877
- conda: https://conda.anaconda.org/conda-forge/noarch/ipython_pygments_lexers-1.1.1-pyhd8ed1ab_0.conda
  sha256: 894682a42a7d659ae12878dbcb274516a7031bbea9104e92f8e88c1f2765a104
  md5: bd80ba060603cc228d9d81c257093119
  depends:
  - pygments
  - python >=3.9
  license: BSD-3-Clause
  license_family: BSD
  purls:
  - pkg:pypi/ipython-pygments-lexers?source=hash-mapping
  run_exports: {}
  size: 13993
  timestamp: 1737123723464
- conda: https://conda.anaconda.org/conda-forge/noarch/jedi-0.20.0-pyhcf101f3_0.conda
  sha256: 744143551c1c7b528b82533fb641b9d7db20b2203abc4c2635c387fa6c089fc3
  md5: c2b3d37aa1411031126036ee76a8a861
  depends:
  - python >=3.10
  - parso >=0.8.6,<0.9.0
  - python
  license: Apache-2.0 AND MIT
  purls:
  - pkg:pypi/jedi?source=hash-mapping
  run_exports: {}
  size: 2715215
  timestamp: 1782251948616
- conda: https://conda.anaconda.org/conda-forge/noarch/matplotlib-inline-0.2.2-pyhd8ed1ab_0.conda
  sha256: 35b43d7343f74452307fd018a1cca92b8f68961ff8e2ab6a81ce0a703c9a3764
  md5: 9acc1c385be401d533ff70ef5b50dae6
  depends:
  - python >=3.10
  - traitlets
  license: BSD-3-Clause
  license_family: BSD
  purls:
  - pkg:pypi/matplotlib-inline?source=hash-mapping
  run_exports: {}
  size: 15725
  timestamp: 1778264403247
- conda: https://conda.anaconda.org/conda-forge/noarch/mock-5.2.0-pyhd8ed1ab_0.conda
  sha256: ecf2c7b886193c7a4c583faab3deedaa897008dc2e2259ea2733a6ab78143ce2
  md5: 1353e330df2cc41271afac3b0f88db28
  depends:
  - python >=3.9
  license: BSD-2-Clause
  license_family: BSD
  purls:
  - pkg:pypi/mock?source=hash-mapping
  run_exports: {}
  size: 34346
  timestamp: 1741074069714
- conda: https://conda.anaconda.org/conda-forge/noarch/packaging-26.2-pyhc364b38_0.conda
  sha256: 3906abfb6511a3bb309e39b9b1b7bc38f50a723971de2395489fd1f379255890
  md5: 4c06a92e74452cfa53623a81592e8934
  depends:
  - python >=3.8
  - python
  license: Apache-2.0
  license_family: APACHE
  purls:
  - pkg:pypi/packaging?source=hash-mapping
  run_exports: {}
  size: 91574
  timestamp: 1777103621679
- conda: https://conda.anaconda.org/conda-forge/noarch/parso-0.8.7-pyhcf101f3_0.conda
  sha256: 611882f7944b467281c46644ffde6c5145d1a7730388bcde26e7e86819b0998e
  md5: 39894c952938276405a1bd30e4ce2caf
  depends:
  - python >=3.10
  - python
  license: MIT
  license_family: MIT
  purls:
  - pkg:pypi/parso?source=hash-mapping
  run_exports: {}
  size: 82472
  timestamp: 1777722955579
- conda: https://conda.anaconda.org/conda-forge/noarch/pexpect-4.9.0-pyhd8ed1ab_1.conda
  sha256: 202af1de83b585d36445dc1fda94266697341994d1a3328fabde4989e1b3d07a
  md5: d0d408b1f18883a944376da5cf8101ea
  depends:
  - ptyprocess >=0.5
  - python >=3.9
  license: ISC
  purls:
  - pkg:pypi/pexpect?source=hash-mapping
  run_exports: {}
  size: 53561
  timestamp: 1733302019362
- conda: https://conda.anaconda.org/conda-forge/noarch/pluggy-1.6.0-pyhf9edf01_1.conda
  sha256: e14aafa63efa0528ca99ba568eaf506eb55a0371d12e6250aaaa61718d2eb62e
  md5: d7585b6550ad04c8c5e21097ada2888e
  depends:
  - python >=3.9
  - python
  license: MIT
  license_family: MIT
  purls:
  - pkg:pypi/pluggy?source=hash-mapping
  run_exports: {}
  size: 25877
  timestamp: 1764896838868
- conda: https://conda.anaconda.org/conda-forge/noarch/prompt-toolkit-3.0.53-pyha770c72_0.conda
  sha256: efe8def2c93aa34cd8d3c9af1dc4c7d312791cf769d8b2b615e32733e6df6051
  md5: 39c92a39517316e5001d645ae63d9ab9
  depends:
  - python >=3.10
  - wcwidth
  constrains:
  - prompt_toolkit 3.0.53
  license: BSD-3-Clause
  purls:
  - pkg:pypi/prompt-toolkit?source=hash-mapping
  run_exports: {}
  size: 276081
  timestamp: 1785160613307
- conda: https://conda.anaconda.org/conda-forge/noarch/ptyprocess-0.7.0-pyhd8ed1ab_1.conda
  sha256: a7713dfe30faf17508ec359e0bc7e0983f5d94682492469bd462cdaae9c64d83
  md5: 7d9daffbb8d8e0af0f769dbbcd173a54
  depends:
  - python >=3.9
  license: ISC
  purls:
  - pkg:pypi/ptyprocess?source=hash-mapping
  run_exports: {}
  size: 19457
  timestamp: 1733302371990
- conda: https://conda.anaconda.org/conda-forge/noarch/pure_eval-0.2.3-pyhd8ed1ab_1.conda
  sha256: 71bd24600d14bb171a6321d523486f6a06f855e75e547fa0cb2a0953b02047f0
  md5: 3bfdfb8dbcdc4af1ae3f9a8eb3948f04
  depends:
  - python >=3.9
  license: MIT
  license_family: MIT
  purls:
  - pkg:pypi/pure-eval?source=hash-mapping
  run_exports: {}
  size: 16668
  timestamp: 1733569518868
- conda: https://conda.anaconda.org/conda-forge/noarch/pygments-2.20.0-pyhd8ed1ab_0.conda
  sha256: cf70b2f5ad9ae472b71235e5c8a736c9316df3705746de419b59d442e8348e86
  md5: 16c18772b340887160c79a6acc022db0
  depends:
  - python >=3.10
  license: BSD-2-Clause
  license_family: BSD
  purls:
  - pkg:pypi/pygments?source=hash-mapping
  run_exports: {}
  size: 893031
  timestamp: 1774796815820
- conda: https://conda.anaconda.org/conda-forge/noarch/pytest-9.1.1-pyhc364b38_2.conda
  sha256: 430051d80765207a7d782b2b188230ba1489d35c6e75fd9903f76cb9fda4af16
  md5: 64c98a12c4e23eb238bf66bbecafdf3c
  depends:
  - colorama
  - pygments >=2.7.2
  - python >=3.10
  - iniconfig >=1.0.1
  - packaging >=22
  - pluggy >=1.5,<2
  - tomli >=1
  - exceptiongroup >=1
  - python
  constrains:
  - pytest-faulthandler >=2
  license: MIT
  license_family: MIT
  purls:
  - pkg:pypi/pytest?source=hash-mapping
  run_exports: {}
  size: 306724
  timestamp: 1782127176429
- conda: https://conda.anaconda.org/conda-forge/noarch/pytest-cov-7.1.0-pyhcf101f3_0.conda
  sha256: 44e42919397bd00bfaa47358a6ca93d4c21493a8c18600176212ec21a8d25ca5
  md5: 67d1790eefa81ed305b89d8e314c7923
  depends:
  - coverage >=7.10.6
  - pluggy >=1.2
  - pytest >=7
  - python >=3.10
  - python
  license: MIT
  license_family: MIT
  purls:
  - pkg:pypi/pytest-cov?source=hash-mapping
  run_exports: {}
  size: 29559
  timestamp: 1774139250481
- conda: https://conda.anaconda.org/conda-forge/noarch/python_abi-3.14-8_cp314.conda
  build_number: 8
  sha256: ad6d2e9ac39751cc0529dd1566a26751a0bf2542adb0c232533d32e176e21db5
  md5: 0539938c55b6b1a59b560e843ad864a4
  constrains:
  - python 3.14.* *_cp314
  license: BSD-3-Clause
  license_family: BSD
  purls: []
  run_exports: {}
  size: 6989
  timestamp: 1752805904792
- conda: https://conda.anaconda.org/conda-forge/noarch/python_abi-3.14-8_cp314t.conda
  build_number: 8
  sha256: d9ed2538fba61265a330ee1b1afe99a4bb23ace706172b9464546c7e01259d63
  md5: 3251796e09870c978e0f69fa05e38fb6
  constrains:
  - python 3.14.* *_cp314t
  license: BSD-3-Clause
  license_family: BSD
  purls: []
  run_exports: {}
  size: 7020
  timestamp: 1752805919426
- conda: https://conda.anaconda.org/conda-forge/noarch/stack_data-0.6.3-pyhd8ed1ab_1.conda
  sha256: 570da295d421661af487f1595045760526964f41471021056e993e73089e9c41
  md5: b1b505328da7a6b246787df4b5a49fbc
  depends:
  - asttokens
  - executing
  - pure_eval
  - python >=3.9
  license: MIT
  license_family: MIT
  purls:
  - pkg:pypi/stack-data?source=hash-mapping
  run_exports: {}
  size: 26988
  timestamp: 1733569565672
- conda: https://conda.anaconda.org/conda-forge/noarch/testfixtures-12.0.1-pyhd8ed1ab_0.conda
  sha256: 44967866a28be8fd1e1f95199947f52cb07736e14a58d64bb12ee573b3a69cd4
  md5: d213807431141e99da6e07a880db7e41
  depends:
  - python >=3.11.0
  license: MIT
  license_family: MIT
  purls:
  - pkg:pypi/testfixtures?source=hash-mapping
  run_exports: {}
  size: 54979
  timestamp: 1781171593350
- conda: https://conda.anaconda.org/conda-forge/noarch/toml-0.10.2-pyhcf101f3_3.conda
  sha256: fd30e43699cb22ab32ff3134d3acf12d6010b5bbaa63293c37076b50009b91f8
  md5: d0fc809fa4c4d85e959ce4ab6e1de800
  depends:
  - python >=3.10
  - python
  license: MIT
  license_family: MIT
  purls:
  - pkg:pypi/toml?source=hash-mapping
  run_exports: {}
  size: 24017
  timestamp: 1764486833072
- conda: https://conda.anaconda.org/conda-forge/noarch/tomli-2.4.1-pyhcf101f3_0.conda
  sha256: 91cafdb64268e43e0e10d30bd1bef5af392e69f00edd34dfaf909f69ab2da6bd
  md5: b5325cf06a000c5b14970462ff5e4d58
  depends:
  - python >=3.10
  - python
  license: MIT
  license_family: MIT
  purls:
  - pkg:pypi/tomli?source=hash-mapping
  run_exports: {}
  size: 21561
  timestamp: 1774492402955
- conda: https://conda.anaconda.org/conda-forge/noarch/traitlets-5.15.1-pyhcf101f3_0.conda
  sha256: b89a823edf524956b94a2a4db974866e4501f05c68976eff458c5dcf07f88431
  md5: 37e3be7b6e2977d37b8fa5da229f5dc0
  depends:
  - python >=3.10
  - python
  license: BSD-3-Clause
  license_family: BSD
  purls:
  - pkg:pypi/traitlets?source=hash-mapping
  run_exports: {}
  size: 115158
  timestamp: 1780507822178
- conda: https://conda.anaconda.org/conda-forge/noarch/typing_extensions-4.16.0-pyhcf101f3_0.conda
  sha256: 2d888f90af0686044882c74193ec80a90ec1943145d94a7b1b048958acda1848
  md5: c70ad746c22219b9700931707482992c
  depends:
  - python >=3.10
  - python
  license: PSF-2.0
  license_family: PSF
  purls:
  - pkg:pypi/typing-extensions?source=hash-mapping
  run_exports: {}
  size: 52631
  timestamp: 1783002732887
- conda: https://conda.anaconda.org/conda-forge/noarch/tzdata-2026c-h151e31d_0.conda
  sha256: b928c30ddcb0e3f544c6eade8352737e6e610e263276b90232db6a578ef899d8
  md5: fcb489df604d100968b737f2cb6076c6
  license: LicenseRef-Public-Domain
  purls: []
  run_exports: {}
  size: 118849
  timestamp: 1784250406640
- conda: https://conda.anaconda.org/conda-forge/noarch/wcwidth-0.8.2-pyhd8ed1ab_0.conda
  sha256: 4acf845da404e84cef1acccc66cc0156af1b83a5b5d7077b2ca19b705c561e57
  md5: 99f7755ec8648a042b0dbe906234f888
  depends:
  - python >=3.10
  license: MIT
  license_family: MIT
  purls:
  - pkg:pypi/wcwidth?source=hash-mapping
  run_exports: {}
  size: 132415
  timestamp: 1782771807703
- pypi: ./
  name: quant
  requires_python: '>=3.11'
